
Microsoft Visual Studio Solution File, Format Version 12.00
# Visual Studio Version 17
VisualStudioVersion = 17.4.33205.214
MinimumVisualStudioVersion = 10.0.40219.1
Project("{9A19103F-16F7-4668-BE54-9A1E7A4F7556}") = "JsonWebTokens.API", "JsonWebTokens.API\JsonWebTokens.API.csproj", "{CBB1C292-AC51-4959-A46A-EA8F0E960159}"
EndProject
Project("{9A19103F-16F7-4668-BE54-9A1E7A4F7556}") = "JsonWebTokens.Data", "JsonWebTokens.Data\JsonWebTokens.Data.csproj", "{B743C3A6-CD19-4D0C-9E4B-B29E2876CBD7}"
EndProject
Project("{9A19103F-16F7-4668-BE54-9A1E7A4F7556}") = "JsonWebTokens.Service", "JsonWebTokens.Service\JsonWebTokens.Service.csproj", "{39B76EA2-8242-4783-8E94-A14BA2394A89}"
EndProject
Project("{9A19103F-16F7-4668-BE54-9A1E7A4F7556}") = "MiniApp1.API", "MiniApp1.API\MiniApp1.API.csproj", "{2174D85C-86AF-43FF-97BA-3BADBB00C30C}"
EndProject
Project("{9A19103F-16F7-4668-BE54-9A1E7A4F7556}") = "MiniApp2.API", "MiniApp2.API\MiniApp2.API.csproj", "{DC75BBB4-A587-4915-8DF2-A69A2BABD598}"
EndProject
Project("{9A19103F-16F7-4668-BE54-9A1E7A4F7556}") = "MiniApp3.API", "MiniApp3.API\MiniApp3.API.csproj", "{123F7B10-522D-4B4F-9B5D-DD32EA78E3CF}"
EndProject
Project("{9A19103F-16F7-4668-BE54-9A1E7A4F7556}") = "SharedLibrary", "SharedLibrary\SharedLibrary.csproj", "{2D63B33A-E1BF-413F-9442-CB5E4E59F498}"
EndProject
Project("{FAE04EC0-301F-11D3-BF4B-00C04F79EFBC}") = "JsonWebTokens.Core", "JsonWebTokens.Core\JsonWebTokens.Core.csproj", "{24B8032D-4A7A-4DE6-A793-36969E212F8B}"
EndProject
Global
	GlobalSection(SolutionConfigurationPlatforms) = preSolution
		Debug|Any CPU = Debug|Any CPU
		Release|Any CPU = Release|Any CPU
	EndGlobalSection
	GlobalSection(ProjectConfigurationPlatforms) = postSolution
		{CBB1C292-AC51-4959-A46A-EA8F0E960159}.Debug|Any CPU.ActiveCfg = Debug|Any CPU
		{CBB1C292-AC51-4959-A46A-EA8F0E960159}.Debug|Any CPU.Build.0 = Debug|Any CPU
		{CBB1C292-AC51-4959-A46A-EA8F0E960159}.Release|Any CPU.ActiveCfg = Release|Any CPU
		{CBB1C292-AC51-4959-A46A-EA8F0E960159}.Release|Any CPU.Build.0 = Release|Any CPU
		{B743C3A6-CD19-4D0C-9E4B-B29E2876CBD7}.Debug|Any CPU.ActiveCfg = Debug|Any CPU
		{B743C3A6-CD19-4D0C-9E4B-B29E2876CBD7}.Debug|Any CPU.Build.0 = Debug|Any CPU
		{B743C3A6-CD19-4D0C-9E4B-B29E2876CBD7}.Release|Any CPU.ActiveCfg = Release|Any CPU
		{B743C3A6-CD19-4D0C-9E4B-B29E2876CBD7}.Release|Any CPU.Build.0 = Release|Any CPU
		{39B76EA2-8242-4783-8E94-A14BA2394A89}.Debug|Any CPU.ActiveCfg = Debug|Any CPU
		{39B76EA2-8242-4783-8E94-A14BA2394A89}.Debug|Any CPU.Build.0 = Debug|Any CPU
		{39B76EA2-8242-4783-8E94-A14BA2394A89}.Release|Any CPU.ActiveCfg = Release|Any CPU
		{39B76EA2-8242-4783-8E94-A14BA2394A89}.Release|Any CPU.Build.0 = Release|Any CPU
		{2174D85C-86AF-43FF-97BA-3BADBB00C30C}.Debug|Any CPU.ActiveCfg = Debug|Any CPU
		{2174D85C-86AF-43FF-97BA-3BADBB00C30C}.Debug|Any CPU.Build.0 = Debug|Any CPU
		{2174D85C-86AF-43FF-97BA-3BADBB00C30C}.Release|Any CPU.ActiveCfg = Release|Any CPU
		{2174D85C-86AF-43FF-97BA-3BADBB00C30C}.Release|Any CPU.Build.0 = Release|Any CPU
		{DC75BBB4-A587-4915-8DF2-A69A2BABD598}.Debug|Any CPU.ActiveCfg = Debug|Any CPU
		{DC75BBB4-A587-4915-8DF2-A69A2BABD598}.Debug|Any CPU.Build.0 = Debug|Any CPU
		{DC75BBB4-A587-4915-8DF2-A69A2BABD598}.Release|Any CPU.ActiveCfg = Release|Any CPU
		{DC75BBB4-A587-4915-8DF2-A69A2BABD598}.Release|Any CPU.Build.0 = Release|Any CPU
		{123F7B10-522D-4B4F-9B5D-DD32EA78E3CF}.Debug|Any CPU.ActiveCfg = Debug|Any CPU
		{123F7B10-522D-4B4F-9B5D-DD32EA78E3CF}.Debug|Any CPU.Build.0 = Debug|Any CPU
		{123F7B10-522D-4B4F-9B5D-DD32EA78E3CF}.Release|Any CPU.ActiveCfg = Release|Any CPU
		{123F7B10-522D-4B4F-9B5D-DD32EA78E3CF}.Release|Any CPU.Build.0 = Release|Any CPU
		{2D63B33A-E1BF-413F-9442-CB5E4E59F498}.Debug|Any CPU.ActiveCfg = Debug|Any CPU
		{2D63B33A-E1BF-413F-9442-CB5E4E59F498}.Debug|Any CPU.Build.0 = Debug|Any CPU
		{2D63B33A-E1BF-413F-9442-CB5E4E59F498}.Release|Any CPU.ActiveCfg = Release|Any CPU
		{2D63B33A-E1BF-413F-9442-CB5E4E59F498}.Release|Any CPU.Build.0 = Release|Any CPU
		{24B8032D-4A7A-4DE6-A793-36969E212F8B}.Debug|Any CPU.ActiveCfg = Debug|Any CPU
		{24B8032D-4A7A-4DE6-A793-36969E212F8B}.Debug|Any CPU.Build.0 = Debug|Any CPU
		{24B8032D-4A7A-4DE6-A793-36969E212F8B}.Release|Any CPU.ActiveCfg = Release|Any CPU
		{24B8032D-4A7A-4DE6-A793-36969E212F8B}.Release|Any CPU.Build.0 = Release|Any CPU
	EndGlobalSection
	GlobalSection(SolutionProperties) = preSolution
		HideSolutionNode = FALSE
	EndGlobalSection
	GlobalSection(ExtensibilityGlobals) = postSolution
		SolutionGuid = {6BE2E0DF-F37D-452F-A6DD-68B8AD11A204}
	EndGlobalSection
EndGlobal
