
Microsoft Visual Studio Solution File, Format Version 12.00
# Visual Studio Version 17
VisualStudioVersion = 17.4.33205.214
MinimumVisualStudioVersion = 10.0.40219.1
Project("{FAE04EC0-301F-11D3-BF4B-00C04F79EFBC}") = "JsonWebTokens.API", "JsonWebTokens.API\JsonWebTokens.API.csproj", "{CBB1C292-AC51-4959-A46A-EA8F0E960159}"
EndProject
Global
	GlobalSection(SolutionConfigurationPlatforms) = preSolution
		Debug|Any CPU = Debug|Any CPU
		Release|Any CPU = Release|Any CPU
	EndGlobalSection
	GlobalSection(ProjectConfigurationPlatforms) = postSolution
		{CBB1C292-AC51-4959-A46A-EA8F0E960159}.Debug|Any CPU.ActiveCfg = Debug|Any CPU
		{CBB1C292-AC51-4959-A46A-EA8F0E960159}.Debug|Any CPU.Build.0 = Debug|Any CPU
		{CBB1C292-AC51-4959-A46A-EA8F0E960159}.Release|Any CPU.ActiveCfg = Release|Any CPU
		{CBB1C292-AC51-4959-A46A-EA8F0E960159}.Release|Any CPU.Build.0 = Release|Any CPU
	EndGlobalSection
	GlobalSection(SolutionProperties) = preSolution
		HideSolutionNode = FALSE
	EndGlobalSection
	GlobalSection(ExtensibilityGlobals) = postSolution
		SolutionGuid = {6BE2E0DF-F37D-452F-A6DD-68B8AD11A204}
	EndGlobalSection
EndGlobal
